
Microsoft Visual Studio Solution File, Format Version 12.00
# Visual Studio 14
VisualStudioVersion = 14.0.25420.1
MinimumVisualStudioVersion = 10.0.40219.1
Project("{FAE04EC0-301F-11D3-BF4B-00C04F79EFBC}") = "basic", "basic\basic.csproj", "{9962BD55-10D5-4D13-8063-252624C5973A}"
	ProjectSection(ProjectDependencies) = postProject
		{6467660A-9206-4FC5-95A9-D3D1AC1B97B0} = {6467660A-9206-4FC5-95A9-D3D1AC1B97B0}
	EndProjectSection
EndProject
Project("{FAE04EC0-301F-11D3-BF4B-00C04F79EFBC}") = "myClassLibrary", "myClassLibrary\myClassLibrary.csproj", "{6467660A-9206-4FC5-95A9-D3D1AC1B97B0}"
EndProject
Global
	GlobalSection(SolutionConfigurationPlatforms) = preSolution
		Debug|Any CPU = Debug|Any CPU
		Release|Any CPU = Release|Any CPU
	EndGlobalSection
	GlobalSection(ProjectConfigurationPlatforms) = postSolution
		{9962BD55-10D5-4D13-8063-252624C5973A}.Debug|Any CPU.ActiveCfg = Debug|Any CPU
		{9962BD55-10D5-4D13-8063-252624C5973A}.Debug|Any CPU.Build.0 = Debug|Any CPU
		{9962BD55-10D5-4D13-8063-252624C5973A}.Release|Any CPU.ActiveCfg = Release|Any CPU
		{9962BD55-10D5-4D13-8063-252624C5973A}.Release|Any CPU.Build.0 = Release|Any CPU
		{6467660A-9206-4FC5-95A9-D3D1AC1B97B0}.Debug|Any CPU.ActiveCfg = Debug|Any CPU
		{6467660A-9206-4FC5-95A9-D3D1AC1B97B0}.Debug|Any CPU.Build.0 = Debug|Any CPU
		{6467660A-9206-4FC5-95A9-D3D1AC1B97B0}.Release|Any CPU.ActiveCfg = Release|Any CPU
		{6467660A-9206-4FC5-95A9-D3D1AC1B97B0}.Release|Any CPU.Build.0 = Release|Any CPU
	EndGlobalSection
	GlobalSection(SolutionProperties) = preSolution
		HideSolutionNode = FALSE
	EndGlobalSection
EndGlobal
